
Microsoft Visual Studio Solution File, Format Version 12.00
# Visual Studio 15
VisualStudioVersion = 15.0.28010.2003
MinimumVisualStudioVersion = 10.0.40219.1
Project("{FAE04EC0-301F-11D3-BF4B-00C04F79EFBC}") = "WebApplication1", "WebApplication1\WebApplication1.csproj", "{EBDC0D18-C599-42CB-903C-72B779E0EFD9}"
EndProject
Project("{FAE04EC0-301F-11D3-BF4B-00C04F79EFBC}") = "WebApplication2", "WebApplication2\WebApplication2.csproj", "{0B878039-307D-47F1-A2CF-9719D1ADFA90}"
EndProject
Global
	GlobalSection(SolutionConfigurationPlatforms) = preSolution
		Debug|Any CPU = Debug|Any CPU
		Release|Any CPU = Release|Any CPU
	EndGlobalSection
	GlobalSection(ProjectConfigurationPlatforms) = postSolution
		{EBDC0D18-C599-42CB-903C-72B779E0EFD9}.Debug|Any CPU.ActiveCfg = Debug|Any CPU
		{EBDC0D18-C599-42CB-903C-72B779E0EFD9}.Debug|Any CPU.Build.0 = Debug|Any CPU
		{EBDC0D18-C599-42CB-903C-72B779E0EFD9}.Release|Any CPU.ActiveCfg = Release|Any CPU
		{EBDC0D18-C599-42CB-903C-72B779E0EFD9}.Release|Any CPU.Build.0 = Release|Any CPU
		{0B878039-307D-47F1-A2CF-9719D1ADFA90}.Debug|Any CPU.ActiveCfg = Debug|Any CPU
		{0B878039-307D-47F1-A2CF-9719D1ADFA90}.Debug|Any CPU.Build.0 = Debug|Any CPU
		{0B878039-307D-47F1-A2CF-9719D1ADFA90}.Release|Any CPU.ActiveCfg = Release|Any CPU
		{0B878039-307D-47F1-A2CF-9719D1ADFA90}.Release|Any CPU.Build.0 = Release|Any CPU
	EndGlobalSection
	GlobalSection(SolutionProperties) = preSolution
		HideSolutionNode = FALSE
	EndGlobalSection
	GlobalSection(ExtensibilityGlobals) = postSolution
		SolutionGuid = {A3F24C24-0F36-482E-9D12-13789149F837}
	EndGlobalSection
EndGlobal
